
Microsoft Visual Studio Solution File, Format Version 12.00
# Visual Studio 2013
VisualStudioVersion = 12.0.30723.0
MinimumVisualStudioVersion = 10.0.40219.1
Project("{FAE04EC0-301F-11D3-BF4B-00C04F79EFBC}") = "Raging.Toolbox", "Raging.Toolbox\Raging.Toolbox.csproj", "{03CA1F8F-27C0-4477-BA81-8EC6B0B447E3}"
EndProject
Project("{FAE04EC0-301F-11D3-BF4B-00C04F79EFBC}") = "Raging.Toolbox.Tests", "Raging.Toolbox.Tests\Raging.Toolbox.Tests.csproj", "{44FA9EAA-17AF-4F1D-9282-A5DE70EE39B7}"
EndProject
Project("{FAE04EC0-301F-11D3-BF4B-00C04F79EFBC}") = "Raging.Toolbox.Messaging", "Raging.Toolbox.Messaging\Raging.Toolbox.Messaging.csproj", "{1C32400E-0467-4F24-BD90-48D868D65971}"
EndProject
Project("{FAE04EC0-301F-11D3-BF4B-00C04F79EFBC}") = "Raging.Toolbox.Messaging.Rebus", "Raging.Toolbox.Messaging.Rebus\Raging.Toolbox.Messaging.Rebus.csproj", "{1341C8EA-C266-48D8-920D-3544A703E595}"
EndProject
Project("{FAE04EC0-301F-11D3-BF4B-00C04F79EFBC}") = "Raging.Toolbox.Testing.Moq", "Raging.Toolbox.Testing.Moq\Raging.Toolbox.Testing.Moq.csproj", "{1304CF90-4A02-4085-BE61-87CFB4D98DC8}"
EndProject
Global
	GlobalSection(SolutionConfigurationPlatforms) = preSolution
		Debug|Any CPU = Debug|Any CPU
		Release|Any CPU = Release|Any CPU
	EndGlobalSection
	GlobalSection(ProjectConfigurationPlatforms) = postSolution
		{03CA1F8F-27C0-4477-BA81-8EC6B0B447E3}.Debug|Any CPU.ActiveCfg = Debug|Any CPU
		{03CA1F8F-27C0-4477-BA81-8EC6B0B447E3}.Debug|Any CPU.Build.0 = Debug|Any CPU
		{03CA1F8F-27C0-4477-BA81-8EC6B0B447E3}.Release|Any CPU.ActiveCfg = Release|Any CPU
		{03CA1F8F-27C0-4477-BA81-8EC6B0B447E3}.Release|Any CPU.Build.0 = Release|Any CPU
		{44FA9EAA-17AF-4F1D-9282-A5DE70EE39B7}.Debug|Any CPU.ActiveCfg = Debug|Any CPU
		{44FA9EAA-17AF-4F1D-9282-A5DE70EE39B7}.Debug|Any CPU.Build.0 = Debug|Any CPU
		{44FA9EAA-17AF-4F1D-9282-A5DE70EE39B7}.Release|Any CPU.ActiveCfg = Release|Any CPU
		{44FA9EAA-17AF-4F1D-9282-A5DE70EE39B7}.Release|Any CPU.Build.0 = Release|Any CPU
		{1C32400E-0467-4F24-BD90-48D868D65971}.Debug|Any CPU.ActiveCfg = Debug|Any CPU
		{1C32400E-0467-4F24-BD90-48D868D65971}.Debug|Any CPU.Build.0 = Debug|Any CPU
		{1C32400E-0467-4F24-BD90-48D868D65971}.Release|Any CPU.ActiveCfg = Release|Any CPU
		{1C32400E-0467-4F24-BD90-48D868D65971}.Release|Any CPU.Build.0 = Release|Any CPU
		{1341C8EA-C266-48D8-920D-3544A703E595}.Debug|Any CPU.ActiveCfg = Debug|Any CPU
		{1341C8EA-C266-48D8-920D-3544A703E595}.Debug|Any CPU.Build.0 = Debug|Any CPU
		{1341C8EA-C266-48D8-920D-3544A703E595}.Release|Any CPU.ActiveCfg = Release|Any CPU
		{1341C8EA-C266-48D8-920D-3544A703E595}.Release|Any CPU.Build.0 = Release|Any CPU
		{1304CF90-4A02-4085-BE61-87CFB4D98DC8}.Debug|Any CPU.ActiveCfg = Debug|Any CPU
		{1304CF90-4A02-4085-BE61-87CFB4D98DC8}.Debug|Any CPU.Build.0 = Debug|Any CPU
		{1304CF90-4A02-4085-BE61-87CFB4D98DC8}.Release|Any CPU.ActiveCfg = Release|Any CPU
		{1304CF90-4A02-4085-BE61-87CFB4D98DC8}.Release|Any CPU.Build.0 = Release|Any CPU
	EndGlobalSection
	GlobalSection(SolutionProperties) = preSolution
		HideSolutionNode = FALSE
	EndGlobalSection
EndGlobal
